
Microsoft Visual Studio Solution File, Format Version 11.00
# Visual Studio 2010
Project("{FAE04EC0-301F-11D3-BF4B-00C04F79EFBC}") = "Assembly-CSharp", "Assembly-CSharp.csproj", "{9AD4BFC8-EE95-DE1F-C73A-A8862BAF5B83}"
EndProject
Project("{FAE04EC0-301F-11D3-BF4B-00C04F79EFBC}") = "Assembly-CSharp-firstpass", "Assembly-CSharp-firstpass.csproj", "{60B28C94-05C2-9176-3C7F-D23CE765B0CE}"
EndProject
Global
	GlobalSection(SolutionConfigurationPlatforms) = preSolution
		Debug|Any CPU = Debug|Any CPU
		Release|Any CPU = Release|Any CPU
	EndGlobalSection
	GlobalSection(ProjectConfigurationPlatforms) = postSolution
		{9AD4BFC8-EE95-DE1F-C73A-A8862BAF5B83}.Debug|Any CPU.ActiveCfg = Debug|Any CPU
		{9AD4BFC8-EE95-DE1F-C73A-A8862BAF5B83}.Debug|Any CPU.Build.0 = Debug|Any CPU
		{9AD4BFC8-EE95-DE1F-C73A-A8862BAF5B83}.Release|Any CPU.ActiveCfg = Release|Any CPU
		{9AD4BFC8-EE95-DE1F-C73A-A8862BAF5B83}.Release|Any CPU.Build.0 = Release|Any CPU
		{60B28C94-05C2-9176-3C7F-D23CE765B0CE}.Debug|Any CPU.ActiveCfg = Debug|Any CPU
		{60B28C94-05C2-9176-3C7F-D23CE765B0CE}.Debug|Any CPU.Build.0 = Debug|Any CPU
		{60B28C94-05C2-9176-3C7F-D23CE765B0CE}.Release|Any CPU.ActiveCfg = Release|Any CPU
		{60B28C94-05C2-9176-3C7F-D23CE765B0CE}.Release|Any CPU.Build.0 = Release|Any CPU
	EndGlobalSection
	GlobalSection(SolutionProperties) = preSolution
		HideSolutionNode = FALSE
	EndGlobalSection
EndGlobal
